{
  "name": "tickets",
  "version": "1.0.0",
  "lockfileVersion": 1,
  "requires": true,
  "dependencies": {
    "angular": {
      "version": "1.7.5",
      "resolved": "https://registry.npmjs.org/angular/-/angular-1.7.5.tgz",
      "integrity": "sha512-760183yxtGzni740IBTieNuWLtPNAoMqvmC0Z62UoU0I3nqk+VJuO3JbQAXOyvo3Oy/ZsdNQwrSTh/B0OQZjNw=="
    },
    "angular-animate": {
      "version": "1.7.5",
      "resolved": "https://registry.npmjs.org/angular-animate/-/angular-animate-1.7.5.tgz",
      "integrity": "sha512-kU/fHIGf2a4a3bH7E1tzALTHk+QfoUSCK9fEcMFisd6ZWvNDwPzXWAilItqOC3EDiAXPmGHaNc9/aXiD9xrAxQ=="
    },
    "angular-aria": {
      "version": "1.7.5",
      "resolved": "https://registry.npmjs.org/angular-aria/-/angular-aria-1.7.5.tgz",
      "integrity": "sha512-X2dGRw+PK7hrV7/X1Ns4e5P3KC/OBFi1l7z//D/v7zbZObsAx48qBoX7unsck+s4+mnO+ikNNkHG5N49VfAyRw=="
    },
    "angular-material": {
      "version": "1.1.11",
      "resolved": "https://registry.npmjs.org/angular-material/-/angular-material-1.1.11.tgz",
      "integrity": "sha512-einmcNSPxxvZo4NijZR4/k80+UKcbWqNLFCHeee/sU2tD1c7LUnFkOUde99Nmj5a6/L/wb91LmpRMbU1Vb9j7A=="
    },
    "angular-messages": {
      "version": "1.7.5",
      "resolved": "https://registry.npmjs.org/angular-messages/-/angular-messages-1.7.5.tgz",
      "integrity": "sha512-YDpJpFLyrIgZjE/sIAjgww1y6r3QqXBJbNDI0QjftD37vHXLkwvAOo3A4bxPw8BikyGLcJrFrgf6hRAzntJIWA=="
    },
    "angularjs-slider": {
      "version": "6.6.1",
      "resolved": "https://registry.npmjs.org/angularjs-slider/-/angularjs-slider-6.6.1.tgz",
      "integrity": "sha512-MrV5scVkLTg27PjaCjPFGKhey74fiwJUJ7ApN+pHP5s+4v5q2S6HMHgANOIiVRBgNY2KktaPxqycTyyS+7Rdxg=="
    },
    "ng-infinite-scroll": {
      "version": "1.3.0",
      "resolved": "https://registry.npmjs.org/ng-infinite-scroll/-/ng-infinite-scroll-1.3.0.tgz",
      "integrity": "sha1-wumNj9E0sFJaTSz1jJXZtYN1URI="
    }
  }
}
